
Microsoft Visual Studio Solution File, Format Version 12.00
# Visual Studio Version 16
VisualStudioVersion = 16.0.31829.152
MinimumVisualStudioVersion = 10.0.40219.1
Project("{9A19103F-16F7-4668-BE54-9A1E7A4F7556}") = "ServiceHost", "ShopOnline\ServiceHost.csproj", "{9C801712-7CC4-4106-AC14-E4BC8588754C}"
EndProject
Project("{2150E333-8FDC-42A3-9474-1A3956D46DE8}") = "Shop", "Shop", "{3625B7B4-CE1B-4A40-A4B7-0EDDFBCD7E3D}"
EndProject
Project("{9A19103F-16F7-4668-BE54-9A1E7A4F7556}") = "0-FramWork", "0-FramWork\0-FramWork.csproj", "{07273C77-A408-4722-8E12-A53E55F7C016}"
EndProject
Project("{9A19103F-16F7-4668-BE54-9A1E7A4F7556}") = "ShopManagement.Domain", "ShopManagement.Domain\ShopManagement.Domain.csproj", "{94B7F142-A992-4029-A9C4-5D50903234AE}"
EndProject
Project("{9A19103F-16F7-4668-BE54-9A1E7A4F7556}") = "ShopManagement.Application.Contract", "ShopManagement.Application.Contract\ShopManagement.Application.Contract.csproj", "{B9B1AFF5-14DC-47B5-A29F-5544FB0E4143}"
EndProject
Project("{9A19103F-16F7-4668-BE54-9A1E7A4F7556}") = "ShopManagment.Application", "ShopManagment.Application\ShopManagment.Application.csproj", "{4891EAC2-D531-4865-9DA7-B2D816522CF5}"
EndProject
Project("{9A19103F-16F7-4668-BE54-9A1E7A4F7556}") = "ShopManagement.Infrastrucer", "ShopManagement.Infrastrucer\ShopManagement.Infrastrucer.csproj", "{EBA2F001-6788-4EE6-8C85-8431524863A1}"
EndProject
Project("{9A19103F-16F7-4668-BE54-9A1E7A4F7556}") = "ShopManagement.Configure", "ShopManagement.Configure\ShopManagement.Configure.csproj", "{02D95D1E-6BB2-47E6-9283-838AD9E53328}"
EndProject
Project("{9A19103F-16F7-4668-BE54-9A1E7A4F7556}") = "1_QueryLayer", "1_QueryLayer\1_QueryLayer.csproj", "{14059F32-1044-4A10-92ED-8B5267E321DE}"
EndProject
Project("{2150E333-8FDC-42A3-9474-1A3956D46DE8}") = "DisCountManagment", "DisCountManagment", "{BC2DDA9B-4BD2-4469-BDD3-390C33CAC9F2}"
EndProject
Project("{2150E333-8FDC-42A3-9474-1A3956D46DE8}") = "DM.Managment.Domain", "DM.Managment.Domain", "{14EE4E65-FDA9-4ABF-B1CB-480B82747427}"
EndProject
Project("{9A19103F-16F7-4668-BE54-9A1E7A4F7556}") = "DisCount.Manangment.Domain", "DisCount.Manangment.Domain\DisCount.Manangment.Domain.csproj", "{2EA90630-AD2C-4EA4-84D1-2BB346E4DF3D}"
EndProject
Project("{2150E333-8FDC-42A3-9474-1A3956D46DE8}") = "DM.Managment.Application.Contract", "DM.Managment.Application.Contract", "{A67E7B3A-2053-45E0-9689-E33FBE3C0DF8}"
EndProject
Project("{9A19103F-16F7-4668-BE54-9A1E7A4F7556}") = "Discount.Managment.Application.Contract", "Discount.Managment.Application.Contract\Discount.Managment.Application.Contract.csproj", "{A45A9BC1-0E5B-4F53-AA1F-D7DD633615B9}"
EndProject
Project("{2150E333-8FDC-42A3-9474-1A3956D46DE8}") = "DM.Managment.Application", "DM.Managment.Application", "{70CB9D18-942C-41BB-8E86-C91D4B4BD63B}"
EndProject
Project("{9A19103F-16F7-4668-BE54-9A1E7A4F7556}") = "DisCount.Managment.Application", "DisCount.Managment.Application\DisCount.Managment.Application.csproj", "{AC4292EF-F729-42B3-9F74-296E99B24320}"
EndProject
Project("{2150E333-8FDC-42A3-9474-1A3956D46DE8}") = "DM.Managment.EFCore", "DM.Managment.EFCore", "{C342102D-FB4E-41C5-A22E-7ADEFB8E606C}"
EndProject
Project("{9A19103F-16F7-4668-BE54-9A1E7A4F7556}") = "Discount.Managment.Infrastrucer.EFCore", "Discount.Managment.Infrastrucer.EFCore\Discount.Managment.Infrastrucer.EFCore.csproj", "{4F84E350-6952-4B49-9438-D3F7BE19E1FC}"
EndProject
Project("{9A19103F-16F7-4668-BE54-9A1E7A4F7556}") = "Discount.Managment.Configure", "Discount.Managment.Configure\Discount.Managment.Configure.csproj", "{759014B0-E6D3-44EC-9284-D4B6BE8245BE}"
EndProject
Project("{2150E333-8FDC-42A3-9474-1A3956D46DE8}") = "Discount", "Discount", "{BC5A23A9-E6B0-4F4C-A7D4-DFDC39D66A37}"
EndProject
Project("{2150E333-8FDC-42A3-9474-1A3956D46DE8}") = "ColleagueDiscount", "ColleagueDiscount", "{CEE54BBD-9E62-43BF-B46F-3EEDB42DB723}"
EndProject
Global
	GlobalSection(SolutionConfigurationPlatforms) = preSolution
		Debug|Any CPU = Debug|Any CPU
		Release|Any CPU = Release|Any CPU
	EndGlobalSection
	GlobalSection(ProjectConfigurationPlatforms) = postSolution
		{9C801712-7CC4-4106-AC14-E4BC8588754C}.Debug|Any CPU.ActiveCfg = Debug|Any CPU
		{9C801712-7CC4-4106-AC14-E4BC8588754C}.Debug|Any CPU.Build.0 = Debug|Any CPU
		{9C801712-7CC4-4106-AC14-E4BC8588754C}.Release|Any CPU.ActiveCfg = Release|Any CPU
		{9C801712-7CC4-4106-AC14-E4BC8588754C}.Release|Any CPU.Build.0 = Release|Any CPU
		{07273C77-A408-4722-8E12-A53E55F7C016}.Debug|Any CPU.ActiveCfg = Debug|Any CPU
		{07273C77-A408-4722-8E12-A53E55F7C016}.Debug|Any CPU.Build.0 = Debug|Any CPU
		{07273C77-A408-4722-8E12-A53E55F7C016}.Release|Any CPU.ActiveCfg = Release|Any CPU
		{07273C77-A408-4722-8E12-A53E55F7C016}.Release|Any CPU.Build.0 = Release|Any CPU
		{94B7F142-A992-4029-A9C4-5D50903234AE}.Debug|Any CPU.ActiveCfg = Debug|Any CPU
		{94B7F142-A992-4029-A9C4-5D50903234AE}.Debug|Any CPU.Build.0 = Debug|Any CPU
		{94B7F142-A992-4029-A9C4-5D50903234AE}.Release|Any CPU.ActiveCfg = Release|Any CPU
		{94B7F142-A992-4029-A9C4-5D50903234AE}.Release|Any CPU.Build.0 = Release|Any CPU
		{B9B1AFF5-14DC-47B5-A29F-5544FB0E4143}.Debug|Any CPU.ActiveCfg = Debug|Any CPU
		{B9B1AFF5-14DC-47B5-A29F-5544FB0E4143}.Debug|Any CPU.Build.0 = Debug|Any CPU
		{B9B1AFF5-14DC-47B5-A29F-5544FB0E4143}.Release|Any CPU.ActiveCfg = Release|Any CPU
		{B9B1AFF5-14DC-47B5-A29F-5544FB0E4143}.Release|Any CPU.Build.0 = Release|Any CPU
		{4891EAC2-D531-4865-9DA7-B2D816522CF5}.Debug|Any CPU.ActiveCfg = Debug|Any CPU
		{4891EAC2-D531-4865-9DA7-B2D816522CF5}.Debug|Any CPU.Build.0 = Debug|Any CPU
		{4891EAC2-D531-4865-9DA7-B2D816522CF5}.Release|Any CPU.ActiveCfg = Release|Any CPU
		{4891EAC2-D531-4865-9DA7-B2D816522CF5}.Release|Any CPU.Build.0 = Release|Any CPU
		{EBA2F001-6788-4EE6-8C85-8431524863A1}.Debug|Any CPU.ActiveCfg = Debug|Any CPU
		{EBA2F001-6788-4EE6-8C85-8431524863A1}.Debug|Any CPU.Build.0 = Debug|Any CPU
		{EBA2F001-6788-4EE6-8C85-8431524863A1}.Release|Any CPU.ActiveCfg = Release|Any CPU
		{EBA2F001-6788-4EE6-8C85-8431524863A1}.Release|Any CPU.Build.0 = Release|Any CPU
		{02D95D1E-6BB2-47E6-9283-838AD9E53328}.Debug|Any CPU.ActiveCfg = Debug|Any CPU
		{02D95D1E-6BB2-47E6-9283-838AD9E53328}.Debug|Any CPU.Build.0 = Debug|Any CPU
		{02D95D1E-6BB2-47E6-9283-838AD9E53328}.Release|Any CPU.ActiveCfg = Release|Any CPU
		{02D95D1E-6BB2-47E6-9283-838AD9E53328}.Release|Any CPU.Build.0 = Release|Any CPU
		{14059F32-1044-4A10-92ED-8B5267E321DE}.Debug|Any CPU.ActiveCfg = Debug|Any CPU
		{14059F32-1044-4A10-92ED-8B5267E321DE}.Debug|Any CPU.Build.0 = Debug|Any CPU
		{14059F32-1044-4A10-92ED-8B5267E321DE}.Release|Any CPU.ActiveCfg = Release|Any CPU
		{14059F32-1044-4A10-92ED-8B5267E321DE}.Release|Any CPU.Build.0 = Release|Any CPU
		{2EA90630-AD2C-4EA4-84D1-2BB346E4DF3D}.Debug|Any CPU.ActiveCfg = Debug|Any CPU
		{2EA90630-AD2C-4EA4-84D1-2BB346E4DF3D}.Debug|Any CPU.Build.0 = Debug|Any CPU
		{2EA90630-AD2C-4EA4-84D1-2BB346E4DF3D}.Release|Any CPU.ActiveCfg = Release|Any CPU
		{2EA90630-AD2C-4EA4-84D1-2BB346E4DF3D}.Release|Any CPU.Build.0 = Release|Any CPU
		{A45A9BC1-0E5B-4F53-AA1F-D7DD633615B9}.Debug|Any CPU.ActiveCfg = Debug|Any CPU
		{A45A9BC1-0E5B-4F53-AA1F-D7DD633615B9}.Debug|Any CPU.Build.0 = Debug|Any CPU
		{A45A9BC1-0E5B-4F53-AA1F-D7DD633615B9}.Release|Any CPU.ActiveCfg = Release|Any CPU
		{A45A9BC1-0E5B-4F53-AA1F-D7DD633615B9}.Release|Any CPU.Build.0 = Release|Any CPU
		{AC4292EF-F729-42B3-9F74-296E99B24320}.Debug|Any CPU.ActiveCfg = Debug|Any CPU
		{AC4292EF-F729-42B3-9F74-296E99B24320}.Debug|Any CPU.Build.0 = Debug|Any CPU
		{AC4292EF-F729-42B3-9F74-296E99B24320}.Release|Any CPU.ActiveCfg = Release|Any CPU
		{AC4292EF-F729-42B3-9F74-296E99B24320}.Release|Any CPU.Build.0 = Release|Any CPU
		{4F84E350-6952-4B49-9438-D3F7BE19E1FC}.Debug|Any CPU.ActiveCfg = Debug|Any CPU
		{4F84E350-6952-4B49-9438-D3F7BE19E1FC}.Debug|Any CPU.Build.0 = Debug|Any CPU
		{4F84E350-6952-4B49-9438-D3F7BE19E1FC}.Release|Any CPU.ActiveCfg = Release|Any CPU
		{4F84E350-6952-4B49-9438-D3F7BE19E1FC}.Release|Any CPU.Build.0 = Release|Any CPU
		{759014B0-E6D3-44EC-9284-D4B6BE8245BE}.Debug|Any CPU.ActiveCfg = Debug|Any CPU
		{759014B0-E6D3-44EC-9284-D4B6BE8245BE}.Debug|Any CPU.Build.0 = Debug|Any CPU
		{759014B0-E6D3-44EC-9284-D4B6BE8245BE}.Release|Any CPU.ActiveCfg = Release|Any CPU
		{759014B0-E6D3-44EC-9284-D4B6BE8245BE}.Release|Any CPU.Build.0 = Release|Any CPU
	EndGlobalSection
	GlobalSection(SolutionProperties) = preSolution
		HideSolutionNode = FALSE
	EndGlobalSection
	GlobalSection(NestedProjects) = preSolution
		{94B7F142-A992-4029-A9C4-5D50903234AE} = {3625B7B4-CE1B-4A40-A4B7-0EDDFBCD7E3D}
		{B9B1AFF5-14DC-47B5-A29F-5544FB0E4143} = {3625B7B4-CE1B-4A40-A4B7-0EDDFBCD7E3D}
		{4891EAC2-D531-4865-9DA7-B2D816522CF5} = {3625B7B4-CE1B-4A40-A4B7-0EDDFBCD7E3D}
		{EBA2F001-6788-4EE6-8C85-8431524863A1} = {3625B7B4-CE1B-4A40-A4B7-0EDDFBCD7E3D}
		{02D95D1E-6BB2-47E6-9283-838AD9E53328} = {3625B7B4-CE1B-4A40-A4B7-0EDDFBCD7E3D}
		{BC2DDA9B-4BD2-4469-BDD3-390C33CAC9F2} = {BC5A23A9-E6B0-4F4C-A7D4-DFDC39D66A37}
		{14EE4E65-FDA9-4ABF-B1CB-480B82747427} = {BC2DDA9B-4BD2-4469-BDD3-390C33CAC9F2}
		{2EA90630-AD2C-4EA4-84D1-2BB346E4DF3D} = {14EE4E65-FDA9-4ABF-B1CB-480B82747427}
		{A67E7B3A-2053-45E0-9689-E33FBE3C0DF8} = {BC2DDA9B-4BD2-4469-BDD3-390C33CAC9F2}
		{A45A9BC1-0E5B-4F53-AA1F-D7DD633615B9} = {A67E7B3A-2053-45E0-9689-E33FBE3C0DF8}
		{70CB9D18-942C-41BB-8E86-C91D4B4BD63B} = {BC2DDA9B-4BD2-4469-BDD3-390C33CAC9F2}
		{AC4292EF-F729-42B3-9F74-296E99B24320} = {70CB9D18-942C-41BB-8E86-C91D4B4BD63B}
		{C342102D-FB4E-41C5-A22E-7ADEFB8E606C} = {BC2DDA9B-4BD2-4469-BDD3-390C33CAC9F2}
		{4F84E350-6952-4B49-9438-D3F7BE19E1FC} = {C342102D-FB4E-41C5-A22E-7ADEFB8E606C}
		{759014B0-E6D3-44EC-9284-D4B6BE8245BE} = {C342102D-FB4E-41C5-A22E-7ADEFB8E606C}
		{CEE54BBD-9E62-43BF-B46F-3EEDB42DB723} = {BC5A23A9-E6B0-4F4C-A7D4-DFDC39D66A37}
	EndGlobalSection
	GlobalSection(ExtensibilityGlobals) = postSolution
		SolutionGuid = {D8D106E0-7C7D-4744-9EBE-CA1743A601B7}
	EndGlobalSection
EndGlobal
